
Microsoft Visual Studio Solution File, Format Version 12.00
# Visual Studio 15
VisualStudioVersion = 15.0.26730.16
MinimumVisualStudioVersion = 10.0.40219.1
Project("{FAE04EC0-301F-11D3-BF4B-00C04F79EFBC}") = "CheckBox_Mobile", "CheckBox_Mobile\CheckBox_Mobile.csproj", "{6BD83E82-8B3D-41B0-8C22-E3AD00C2C03D}"
EndProject
Global
	GlobalSection(SolutionConfigurationPlatforms) = preSolution
		Debug|Any CPU = Debug|Any CPU
		Release|Any CPU = Release|Any CPU
	EndGlobalSection
	GlobalSection(ProjectConfigurationPlatforms) = postSolution
		{6BD83E82-8B3D-41B0-8C22-E3AD00C2C03D}.Debug|Any CPU.ActiveCfg = Debug|Any CPU
		{6BD83E82-8B3D-41B0-8C22-E3AD00C2C03D}.Debug|Any CPU.Build.0 = Debug|Any CPU
		{6BD83E82-8B3D-41B0-8C22-E3AD00C2C03D}.Release|Any CPU.ActiveCfg = Release|Any CPU
		{6BD83E82-8B3D-41B0-8C22-E3AD00C2C03D}.Release|Any CPU.Build.0 = Release|Any CPU
	EndGlobalSection
	GlobalSection(SolutionProperties) = preSolution
		HideSolutionNode = FALSE
	EndGlobalSection
	GlobalSection(ExtensibilityGlobals) = postSolution
		SolutionGuid = {A2105EF4-807C-470A-8D40-D203E30B65E1}
	EndGlobalSection
EndGlobal
